
Microsoft Visual Studio Solution File, Format Version 12.00
Project("{2150E333-8FDC-42A3-9474-1A3956D46DE8}") = "src", "src", "{72767A9B-F169-4AFC-8788-556BFFB95E07}"
EndProject
Project("{FAE04EC0-301F-11D3-BF4B-00C04F79EFBC}") = "GhandiBot", "src\GhandiBot\GhandiBot.csproj", "{540514FB-6C2A-47B4-95F4-58E0A8134C4B}"
EndProject
Project("{2150E333-8FDC-42A3-9474-1A3956D46DE8}") = "test", "test", "{047485DB-13D6-436F-A08A-A272C0F9C74F}"
EndProject
Project("{2150E333-8FDC-42A3-9474-1A3956D46DE8}") = "Solution Items", "Solution Items", "{D7CC5FF4-23F9-4D31-961B-A5678E78810E}"
ProjectSection(SolutionItems) = preProject
	Solution Items\GhandiBot.conf = Solution Items\GhandiBot.conf
	Solution Items\GhandiBotStaging.conf = Solution Items\GhandiBotStaging.conf
EndProjectSection
EndProject
Project("{FAE04EC0-301F-11D3-BF4B-00C04F79EFBC}") = "GhandiBot.Tests", "test\GhandiBot.Tests\GhandiBot.Tests.csproj", "{54911820-460C-40EC-A4F2-0A38EAC0ADEC}"
EndProject
Project("{2150E333-8FDC-42A3-9474-1A3956D46DE8}") = "lib", "lib", "{95106438-D79F-47F6-A162-588478628412}"
ProjectSection(SolutionItems) = preProject
	lib\LICENSE = lib\LICENSE
EndProjectSection
EndProject
Project("{FAE04EC0-301F-11D3-BF4B-00C04F79EFBC}") = "Discord.Net.Commands", "lib\Discord.Net.Commands\Discord.Net.Commands.csproj", "{142EB34B-B23F-46AE-A01C-2DDE611BAFDD}"
EndProject
Project("{FAE04EC0-301F-11D3-BF4B-00C04F79EFBC}") = "Discord.Net.Core", "lib\Discord.Net.Core\Discord.Net.Core.csproj", "{B370CFF3-E793-4368-A236-950D55FB2935}"
EndProject
Project("{FAE04EC0-301F-11D3-BF4B-00C04F79EFBC}") = "Discord.Net.WebSocket", "lib\Discord.Net.WebSocket\Discord.Net.WebSocket.csproj", "{06919F90-A301-496C-A9F1-A184A0F7AA95}"
EndProject
Project("{FAE04EC0-301F-11D3-BF4B-00C04F79EFBC}") = "Discord.Net.Rest", "lib\Discord.Net.Rest\Discord.Net.Rest.csproj", "{28A0489F-5C71-4C49-9AFE-4C59407ED833}"
EndProject
Global
	GlobalSection(SolutionConfigurationPlatforms) = preSolution
		Debug|Any CPU = Debug|Any CPU
		Release|Any CPU = Release|Any CPU
	EndGlobalSection
	GlobalSection(ProjectConfigurationPlatforms) = postSolution
		{540514FB-6C2A-47B4-95F4-58E0A8134C4B}.Debug|Any CPU.ActiveCfg = Debug|Any CPU
		{540514FB-6C2A-47B4-95F4-58E0A8134C4B}.Debug|Any CPU.Build.0 = Debug|Any CPU
		{540514FB-6C2A-47B4-95F4-58E0A8134C4B}.Release|Any CPU.ActiveCfg = Release|Any CPU
		{540514FB-6C2A-47B4-95F4-58E0A8134C4B}.Release|Any CPU.Build.0 = Release|Any CPU
		{54911820-460C-40EC-A4F2-0A38EAC0ADEC}.Debug|Any CPU.ActiveCfg = Debug|Any CPU
		{54911820-460C-40EC-A4F2-0A38EAC0ADEC}.Debug|Any CPU.Build.0 = Debug|Any CPU
		{54911820-460C-40EC-A4F2-0A38EAC0ADEC}.Release|Any CPU.ActiveCfg = Release|Any CPU
		{54911820-460C-40EC-A4F2-0A38EAC0ADEC}.Release|Any CPU.Build.0 = Release|Any CPU
		{142EB34B-B23F-46AE-A01C-2DDE611BAFDD}.Debug|Any CPU.ActiveCfg = Debug|Any CPU
		{142EB34B-B23F-46AE-A01C-2DDE611BAFDD}.Debug|Any CPU.Build.0 = Debug|Any CPU
		{142EB34B-B23F-46AE-A01C-2DDE611BAFDD}.Release|Any CPU.ActiveCfg = Release|Any CPU
		{142EB34B-B23F-46AE-A01C-2DDE611BAFDD}.Release|Any CPU.Build.0 = Release|Any CPU
		{B370CFF3-E793-4368-A236-950D55FB2935}.Debug|Any CPU.ActiveCfg = Debug|Any CPU
		{B370CFF3-E793-4368-A236-950D55FB2935}.Debug|Any CPU.Build.0 = Debug|Any CPU
		{B370CFF3-E793-4368-A236-950D55FB2935}.Release|Any CPU.ActiveCfg = Release|Any CPU
		{B370CFF3-E793-4368-A236-950D55FB2935}.Release|Any CPU.Build.0 = Release|Any CPU
		{06919F90-A301-496C-A9F1-A184A0F7AA95}.Debug|Any CPU.ActiveCfg = Debug|Any CPU
		{06919F90-A301-496C-A9F1-A184A0F7AA95}.Debug|Any CPU.Build.0 = Debug|Any CPU
		{06919F90-A301-496C-A9F1-A184A0F7AA95}.Release|Any CPU.ActiveCfg = Release|Any CPU
		{06919F90-A301-496C-A9F1-A184A0F7AA95}.Release|Any CPU.Build.0 = Release|Any CPU
		{28A0489F-5C71-4C49-9AFE-4C59407ED833}.Debug|Any CPU.ActiveCfg = Debug|Any CPU
		{28A0489F-5C71-4C49-9AFE-4C59407ED833}.Debug|Any CPU.Build.0 = Debug|Any CPU
		{28A0489F-5C71-4C49-9AFE-4C59407ED833}.Release|Any CPU.ActiveCfg = Release|Any CPU
		{28A0489F-5C71-4C49-9AFE-4C59407ED833}.Release|Any CPU.Build.0 = Release|Any CPU
	EndGlobalSection
	GlobalSection(NestedProjects) = preSolution
		{540514FB-6C2A-47B4-95F4-58E0A8134C4B} = {72767A9B-F169-4AFC-8788-556BFFB95E07}
		{54911820-460C-40EC-A4F2-0A38EAC0ADEC} = {047485DB-13D6-436F-A08A-A272C0F9C74F}
		{142EB34B-B23F-46AE-A01C-2DDE611BAFDD} = {95106438-D79F-47F6-A162-588478628412}
		{B370CFF3-E793-4368-A236-950D55FB2935} = {95106438-D79F-47F6-A162-588478628412}
		{06919F90-A301-496C-A9F1-A184A0F7AA95} = {95106438-D79F-47F6-A162-588478628412}
		{28A0489F-5C71-4C49-9AFE-4C59407ED833} = {95106438-D79F-47F6-A162-588478628412}
	EndGlobalSection
EndGlobal
