
Microsoft Visual Studio Solution File, Format Version 12.00
Project("{2150E333-8FDC-42A3-9474-1A3956D46DE8}") = "src", "src", "{72767A9B-F169-4AFC-8788-556BFFB95E07}"
EndProject
Project("{FAE04EC0-301F-11D3-BF4B-00C04F79EFBC}") = "GhandiBot", "src\GhandiBot\GhandiBot.csproj", "{540514FB-6C2A-47B4-95F4-58E0A8134C4B}"
EndProject
Project("{2150E333-8FDC-42A3-9474-1A3956D46DE8}") = "test", "test", "{047485DB-13D6-436F-A08A-A272C0F9C74F}"
EndProject
Project("{2150E333-8FDC-42A3-9474-1A3956D46DE8}") = "Solution Items", "Solution Items", "{D7CC5FF4-23F9-4D31-961B-A5678E78810E}"
ProjectSection(SolutionItems) = preProject
	Solution Items\GhandiBot.conf = Solution Items\GhandiBot.conf
	Solution Items\GhandiBotStaging.conf = Solution Items\GhandiBotStaging.conf
EndProjectSection
EndProject
Project("{FAE04EC0-301F-11D3-BF4B-00C04F79EFBC}") = "GhandiBot.Tests", "test\GhandiBot.Tests\GhandiBot.Tests.csproj", "{54911820-460C-40EC-A4F2-0A38EAC0ADEC}"
EndProject
Project("{FAE04EC0-301F-11D3-BF4B-00C04F79EFBC}") = "GhandiBot.Data", "src\GhandiBot.Data\GhandiBot.Data.csproj", "{ADFCFB7D-280D-4BE0-9422-24EAA5B2CD2C}"
EndProject
Global
	GlobalSection(SolutionConfigurationPlatforms) = preSolution
		Debug|Any CPU = Debug|Any CPU
		Release|Any CPU = Release|Any CPU
	EndGlobalSection
	GlobalSection(ProjectConfigurationPlatforms) = postSolution
		{540514FB-6C2A-47B4-95F4-58E0A8134C4B}.Debug|Any CPU.ActiveCfg = Debug|Any CPU
		{540514FB-6C2A-47B4-95F4-58E0A8134C4B}.Debug|Any CPU.Build.0 = Debug|Any CPU
		{540514FB-6C2A-47B4-95F4-58E0A8134C4B}.Release|Any CPU.ActiveCfg = Release|Any CPU
		{540514FB-6C2A-47B4-95F4-58E0A8134C4B}.Release|Any CPU.Build.0 = Release|Any CPU
		{54911820-460C-40EC-A4F2-0A38EAC0ADEC}.Debug|Any CPU.ActiveCfg = Debug|Any CPU
		{54911820-460C-40EC-A4F2-0A38EAC0ADEC}.Debug|Any CPU.Build.0 = Debug|Any CPU
		{54911820-460C-40EC-A4F2-0A38EAC0ADEC}.Release|Any CPU.ActiveCfg = Release|Any CPU
		{54911820-460C-40EC-A4F2-0A38EAC0ADEC}.Release|Any CPU.Build.0 = Release|Any CPU
		{ADFCFB7D-280D-4BE0-9422-24EAA5B2CD2C}.Debug|Any CPU.ActiveCfg = Debug|Any CPU
		{ADFCFB7D-280D-4BE0-9422-24EAA5B2CD2C}.Debug|Any CPU.Build.0 = Debug|Any CPU
		{ADFCFB7D-280D-4BE0-9422-24EAA5B2CD2C}.Release|Any CPU.ActiveCfg = Release|Any CPU
		{ADFCFB7D-280D-4BE0-9422-24EAA5B2CD2C}.Release|Any CPU.Build.0 = Release|Any CPU
	EndGlobalSection
	GlobalSection(NestedProjects) = preSolution
		{540514FB-6C2A-47B4-95F4-58E0A8134C4B} = {72767A9B-F169-4AFC-8788-556BFFB95E07}
		{54911820-460C-40EC-A4F2-0A38EAC0ADEC} = {047485DB-13D6-436F-A08A-A272C0F9C74F}
		{ADFCFB7D-280D-4BE0-9422-24EAA5B2CD2C} = {72767A9B-F169-4AFC-8788-556BFFB95E07}
	EndGlobalSection
EndGlobal
